
Microsoft Visual Studio Solution File, Format Version 12.00
# Visual Studio 15
VisualStudioVersion = 15.0.28307.1209
MinimumVisualStudioVersion = 10.0.40219.1
Project("{FAE04EC0-301F-11D3-BF4B-00C04F79EFBC}") = "Projeto2WebApi", "Projeto2WebApi\Projeto2WebApi.csproj", "{BE31C728-B359-4494-B2C0-BC57C6E81CCC}"
EndProject
Global
	GlobalSection(SolutionConfigurationPlatforms) = preSolution
		Debug|Any CPU = Debug|Any CPU
		Release|Any CPU = Release|Any CPU
	EndGlobalSection
	GlobalSection(ProjectConfigurationPlatforms) = postSolution
		{BE31C728-B359-4494-B2C0-BC57C6E81CCC}.Debug|Any CPU.ActiveCfg = Debug|Any CPU
		{BE31C728-B359-4494-B2C0-BC57C6E81CCC}.Debug|Any CPU.Build.0 = Debug|Any CPU
		{BE31C728-B359-4494-B2C0-BC57C6E81CCC}.Release|Any CPU.ActiveCfg = Release|Any CPU
		{BE31C728-B359-4494-B2C0-BC57C6E81CCC}.Release|Any CPU.Build.0 = Release|Any CPU
	EndGlobalSection
	GlobalSection(SolutionProperties) = preSolution
		HideSolutionNode = FALSE
	EndGlobalSection
	GlobalSection(ExtensibilityGlobals) = postSolution
		SolutionGuid = {ED5580A7-F2D0-43B6-B280-F86AD68643FF}
	EndGlobalSection
EndGlobal
